// !$*UTF8*$!
{
	archiveVersion = 1;
	classes = {
	};
	objectVersion = 56;
	objects = {

/* Begin PBXBuildFile section */
		0A787C2D298E5E9A000788C6 /* AppDelegate.swift in Sources */ = {isa = PBXBuildFile; fileRef = 0A787C2C298E5E9A000788C6 /* AppDelegate.swift */; };
		0A787C2F298E5E9A000788C6 /* SceneDelegate.swift in Sources */ = {isa = PBXBuildFile; fileRef = 0A787C2E298E5E9A000788C6 /* SceneDelegate.swift */; };
		0A787C31298E5E9A000788C6 /* ViewController.swift in Sources */ = {isa = PBXBuildFile; fileRef = 0A787C30298E5E9A000788C6 /* ViewController.swift */; };
		0A787C34298E5E9A000788C6 /* Main.storyboard in Resources */ = {isa = PBXBuildFile; fileRef = 0A787C32298E5E9A000788C6 /* Main.storyboard */; };
		0A787C36298E5E9C000788C6 /* Assets.xcassets in Resources */ = {isa = PBXBuildFile; fileRef = 0A787C35298E5E9C000788C6 /* Assets.xcassets */; };
		0A787C39298E5E9C000788C6 /* LaunchScreen.storyboard in Resources */ = {isa = PBXBuildFile; fileRef = 0A787C37298E5E9C000788C6 /* LaunchScreen.storyboard */; };
		0A787C42298E5EF4000788C6 /* Alamofire in Frameworks */ = {isa = PBXBuildFile; productRef = 0A787C41298E5EF4000788C6 /* Alamofire */; };
		0A787C45298E5F06000788C6 /* SwiftyJSON in Frameworks */ = {isa = PBXBuildFile; productRef = 0A787C44298E5F06000788C6 /* SwiftyJSON */; };
		0A787C48298E5FAD000788C6 /* SwiftSoup in Frameworks */ = {isa = PBXBuildFile; productRef = 0A787C47298E5FAD000788C6 /* SwiftSoup */; };
/* End PBXBuildFile section */

/* Begin PBXFileReference section */
		0A787C29298E5E9A000788C6 /* netflix-thumbnail-get.app */ = {isa = PBXFileReference; explicitFileType = wrapper.application; includeInIndex = 0; path = "netflix-thumbnail-get.app"; sourceTree = BUILT_PRODUCTS_DIR; };
		0A787C2C298E5E9A000788C6 /* AppDelegate.swift */ = {isa = PBXFileReference; lastKnownFileType = sourcecode.swift; path = AppDelegate.swift; sourceTree = "<group>"; };
		0A787C2E298E5E9A000788C6 /* SceneDelegate.swift */ = {isa = PBXFileReference; lastKnownFileType = sourcecode.swift; path = SceneDelegate.swift; sourceTree = "<group>"; };
		0A787C30298E5E9A000788C6 /* ViewController.swift */ = {isa = PBXFileReference; lastKnownFileType = sourcecode.swift; path = ViewController.swift; sourceTree = "<group>"; };
		0A787C33298E5E9A000788C6 /* Base */ = {isa = PBXFileReference; lastKnownFileType = file.storyboard; name = Base; path = Base.lproj/Main.storyboard; sourceTree = "<group>"; };
		0A787C35298E5E9C000788C6 /* Assets.xcassets */ = {isa = PBXFileReference; lastKnownFileType = folder.assetcatalog; path = Assets.xcassets; sourceTree = "<group>"; };
		0A787C38298E5E9C000788C6 /* Base */ = {isa = PBXFileReference; lastKnownFileType = file.storyboard; name = Base; path = Base.lproj/LaunchScreen.storyboard; sourceTree = "<group>"; };
		0A787C3A298E5E9C000788C6 /* Info.plist */ = {isa = PBXFileReference; lastKnownFileType = text.plist.xml; path = Info.plist; sourceTree = "<group>"; };
/* End PBXFileReference section */

/* Begin PBXFrameworksBuildPhase section */
		0A787C26298E5E9A000788C6 /* Frameworks */ = {
			isa = PBXFrameworksBuildPhase;
			buildActionMask = 2147483647;
			files = (
				0A787C45298E5F06000788C6 /* SwiftyJSON in Frameworks */,
				0A787C42298E5EF4000788C6 /* Alamofire in Frameworks */,
				0A787C48298E5FAD000788C6 /* SwiftSoup in Frameworks */,
			);
			runOnlyForDeploymentPostprocessing = 0;
		};
/* End PBXFrameworksBuildPhase section */

/* Begin PBXGroup section */
		0A787C20298E5E9A000788C6 = {
			isa = PBXGroup;
			children = (
				0A787C2B298E5E9A000788C6 /* netflix-thumbnail-get */,
				0A787C2A298E5E9A000788C6 /* Products */,
			);
			sourceTree = "<group>";
		};
		0A787C2A298E5E9A000788C6 /* Products */ = {
			isa = PBXGroup;
			children = (
				0A787C29298E5E9A000788C6 /* netflix-thumbnail-get.app */,
			);
			name = Products;
			sourceTree = "<group>";
		};
		0A787C2B298E5E9A000788C6 /* netflix-thumbnail-get */ = {
			isa = PBXGroup;
			children = (
				0A787C2C298E5E9A000788C6 /* AppDelegate.swift */,
				0A787C2E298E5E9A000788C6 /* SceneDelegate.swift */,
				0A787C30298E5E9A000788C6 /* ViewController.swift */,
				0A787C32298E5E9A000788C6 /* Main.storyboard */,
				0A787C35298E5E9C000788C6 /* Assets.xcassets */,
				0A787C37298E5E9C000788C6 /* LaunchScreen.storyboard */,
				0A787C3A298E5E9C000788C6 /* Info.plist */,
			);
			path = "netflix-thumbnail-get";
			sourceTree = "<group>";
		};
/* End PBXGroup section */

/* Begin PBXNativeTarget section */
		0A787C28298E5E9A000788C6 /* netflix-thumbnail-get */ = {
			isa = PBXNativeTarget;
			buildConfigurationList = 0A787C3D298E5E9C000788C6 /* Build configuration list for PBXNativeTarget "netflix-thumbnail-get" */;
			buildPhases = (
				0A787C25298E5E9A000788C6 /* Sources */,
				0A787C26298E5E9A000788C6 /* Frameworks */,
				0A787C27298E5E9A000788C6 /* Resources */,
			);
			buildRules = (
			);
			dependencies = (
			);
			name = "netflix-thumbnail-get";
			packageProductDependencies = (
				0A787C41298E5EF4000788C6 /* Alamofire */,
				0A787C44298E5F06000788C6 /* SwiftyJSON */,
				0A787C47298E5FAD000788C6 /* SwiftSoup */,
			);
			productName = "netflix-thumbnail-get";
			productReference = 0A787C29298E5E9A000788C6 /* netflix-thumbnail-get.app */;
			productType = "com.apple.product-type.application";
		};
/* End PBXNativeTarget section */

/* Begin PBXProject section */
		0A787C21298E5E9A000788C6 /* Project object */ = {
			isa = PBXProject;
			attributes = {
				BuildIndependentTargetsInParallel = 1;
				LastSwiftUpdateCheck = 1420;
				LastUpgradeCheck = 1420;
				TargetAttributes = {
					0A787C28298E5E9A000788C6 = {
						CreatedOnToolsVersion = 14.2;
					};
				};
			};
			buildConfigurationList = 0A787C24298E5E9A000788C6 /* Build configuration list for PBXProject "netflix-thumbnail-get" */;
			compatibilityVersion = "Xcode 14.0";
			developmentRegion = en;
			hasScannedForEncodings = 0;
			knownRegions = (
				en,
				Base,
			);
			mainGroup = 0A787C20298E5E9A000788C6;
			packageReferences = (
				0A787C40298E5EF4000788C6 /* XCRemoteSwiftPackageReference "Alamofire" */,
				0A787C43298E5F06000788C6 /* XCRemoteSwiftPackageReference "SwiftyJSON" */,
				0A787C46298E5FAD000788C6 /* XCRemoteSwiftPackageReference "SwiftSoup" */,
			);
			productRefGroup = 0A787C2A298E5E9A000788C6 /* Products */;
			projectDirPath = "";
			projectRoot = "";
			targets = (
				0A787C28298E5E9A000788C6 /* netflix-thumbnail-get */,
			);
		};
/* End PBXProject section */

/* Begin PBXResourcesBuildPhase section */
		0A787C27298E5E9A000788C6 /* Resources */ = {
			isa = PBXResourcesBuildPhase;
			buildActionMask = 2147483647;
			files = (
				0A787C39298E5E9C000788C6 /* LaunchScreen.storyboard in Resources */,
				0A787C36298E5E9C000788C6 /* Assets.xcassets in Resources */,
				0A787C34298E5E9A000788C6 /* Main.storyboard in Resources */,
			);
			runOnlyForDeploymentPostprocessing = 0;
		};
/* End PBXResourcesBuildPhase section */

/* Begin PBXSourcesBuildPhase section */
		0A787C25298E5E9A000788C6 /* Sources */ = {
			isa = PBXSourcesBuildPhase;
			buildActionMask = 2147483647;
			files = (
				0A787C31298E5E9A000788C6 /* ViewController.swift in Sources */,
				0A787C2D298E5E9A000788C6 /* AppDelegate.swift in Sources */,
				0A787C2F298E5E9A000788C6 /* SceneDelegate.swift in Sources */,
			);
			runOnlyForDeploymentPostprocessing = 0;
		};
/* End PBXSourcesBuildPhase section */

/* Begin PBXVariantGroup section */
		0A787C32298E5E9A000788C6 /* Main.storyboard */ = {
			isa = PBXVariantGroup;
			children = (
				0A787C33298E5E9A000788C6 /* Base */,
			);
			name = Main.storyboard;
			sourceTree = "<group>";
		};
		0A787C37298E5E9C000788C6 /* LaunchScreen.storyboard */ = {
			isa = PBXVariantGroup;
			children = (
				0A787C38298E5E9C000788C6 /* Base */,
			);
			name = LaunchScreen.storyboard;
			sourceTree = "<group>";
		};
/* End PBXVariantGroup section */

/* Begin XCBuildConfiguration section */
		0A787C3B298E5E9C000788C6 /* Debug */ = {
			isa = XCBuildConfiguration;
			buildSettings = {
				ALWAYS_SEARCH_USER_PATHS = NO;
				CLANG_ANALYZER_NONNULL = YES;
				CLANG_ANALYZER_NUMBER_OBJECT_CONVERSION = YES_AGGRESSIVE;
				CLANG_CXX_LANGUAGE_STANDARD = "gnu++20";
				CLANG_ENABLE_MODULES = YES;
				CLANG_ENABLE_OBJC_ARC = YES;
				CLANG_ENABLE_OBJC_WEAK = YES;
				CLANG_WARN_BLOCK_CAPTURE_AUTORELEASING = YES;
				CLANG_WARN_BOOL_CONVERSION = YES;
				CLANG_WARN_COMMA = YES;
				CLANG_WARN_CONSTANT_CONVERSION = YES;
				CLANG_WARN_DEPRECATED_OBJC_IMPLEMENTATIONS = YES;
				CLANG_WARN_DIRECT_OBJC_ISA_USAGE = YES_ERROR;
				CLANG_WARN_DOCUMENTATION_COMMENTS = YES;
				CLANG_WARN_EMPTY_BODY = YES;
				CLANG_WARN_ENUM_CONVERSION = YES;
				CLANG_WARN_INFINITE_RECURSION = YES;
				CLANG_WARN_INT_CONVERSION = YES;
				CLANG_WARN_NON_LITERAL_NULL_CONVERSION = YES;
				CLANG_WARN_OBJC_IMPLICIT_RETAIN_SELF = YES;
				CLANG_WARN_OBJC_LITERAL_CONVERSION = YES;
				CLANG_WARN_OBJC_ROOT_CLASS = YES_ERROR;
				CLANG_WARN_QUOTED_INCLUDE_IN_FRAMEWORK_HEADER = YES;
				CLANG_WARN_RANGE_LOOP_ANALYSIS = YES;
				CLANG_WARN_STRICT_PROTOTYPES = YES;
				CLANG_WARN_SUSPICIOUS_MOVE = YES;
				CLANG_WARN_UNGUARDED_AVAILABILITY = YES_AGGRESSIVE;
				CLANG_WARN_UNREACHABLE_CODE = YES;
				CLANG_WARN__DUPLICATE_METHOD_MATCH = YES;
				COPY_PHASE_STRIP = NO;
				DEBUG_INFORMATION_FORMAT = dwarf;
				ENABLE_STRICT_OBJC_MSGSEND = YES;
				ENABLE_TESTABILITY = YES;
				GCC_C_LANGUAGE_STANDARD = gnu11;
				GCC_DYNAMIC_NO_PIC = NO;
				GCC_NO_COMMON_BLOCKS = YES;
				GCC_OPTIMIZATION_LEVEL = 0;
				GCC_PREPROCESSOR_DEFINITIONS = (
					"DEBUG=1",
					"$(inherited)",
				);
				GCC_WARN_64_TO_32_BIT_CONVERSION = YES;
				GCC_WARN_ABOUT_RETURN_TYPE = YES_ERROR;
				GCC_WARN_UNDECLARED_SELECTOR = YES;
				GCC_WARN_UNINITIALIZED_AUTOS = YES_AGGRESSIVE;
				GCC_WARN_UNUSED_FUNCTION = YES;
				GCC_WARN_UNUSED_VARIABLE = YES;
				IPHONEOS_DEPLOYMENT_TARGET = 16.2;
				MTL_ENABLE_DEBUG_INFO = INCLUDE_SOURCE;
				MTL_FAST_MATH = YES;
				ONLY_ACTIVE_ARCH = YES;
				SDKROOT = iphoneos;
				SWIFT_ACTIVE_COMPILATION_CONDITIONS = DEBUG;
				SWIFT_OPTIMIZATION_LEVEL = "-Onone";
			};
			name = Debug;
		};
		0A787C3C298E5E9C000788C6 /* Release */ = {
			isa = XCBuildConfiguration;
			buildSettings = {
				ALWAYS_SEARCH_USER_PATHS = NO;
				CLANG_ANALYZER_NONNULL = YES;
				CLANG_ANALYZER_NUMBER_OBJECT_CONVERSION = YES_AGGRESSIVE;
				CLANG_CXX_LANGUAGE_STANDARD = "gnu++20";
				CLANG_ENABLE_MODULES = YES;
				CLANG_ENABLE_OBJC_ARC = YES;
				CLANG_ENABLE_OBJC_WEAK = YES;
				CLANG_WARN_BLOCK_CAPTURE_AUTORELEASING = YES;
				CLANG_WARN_BOOL_CONVERSION = YES;
				CLANG_WARN_COMMA = YES;
				CLANG_WARN_CONSTANT_CONVERSION = YES;
				CLANG_WARN_DEPRECATED_OBJC_IMPLEMENTATIONS = YES;
				CLANG_WARN_DIRECT_OBJC_ISA_USAGE = YES_ERROR;
				CLANG_WARN_DOCUMENTATION_COMMENTS = YES;
				CLANG_WARN_EMPTY_BODY = YES;
				CLANG_WARN_ENUM_CONVERSION = YES;
				CLANG_WARN_INFINITE_RECURSION = YES;
				CLANG_WARN_INT_CONVERSION = YES;
				CLANG_WARN_NON_LITERAL_NULL_CONVERSION = YES;
				CLANG_WARN_OBJC_IMPLICIT_RETAIN_SELF = YES;
				CLANG_WARN_OBJC_LITERAL_CONVERSION = YES;
				CLANG_WARN_OBJC_ROOT_CLASS = YES_ERROR;
				CLANG_WARN_QUOTED_INCLUDE_IN_FRAMEWORK_HEADER = YES;
				CLANG_WARN_RANGE_LOOP_ANALYSIS = YES;
				CLANG_WARN_STRICT_PROTOTYPES = YES;
				CLANG_WARN_SUSPICIOUS_MOVE = YES;
				CLANG_WARN_UNGUARDED_AVAILABILITY = YES_AGGRESSIVE;
				CLANG_WARN_UNREACHABLE_CODE = YES;
				CLANG_WARN__DUPLICATE_METHOD_MATCH = YES;
				COPY_PHASE_STRIP = NO;
				DEBUG_INFORMATION_FORMAT = "dwarf-with-dsym";
				ENABLE_NS_ASSERTIONS = NO;
				ENABLE_STRICT_OBJC_MSGSEND = YES;
				GCC_C_LANGUAGE_STANDARD = gnu11;
				GCC_NO_COMMON_BLOCKS = YES;
				GCC_WARN_64_TO_32_BIT_CONVERSION = YES;
				GCC_WARN_ABOUT_RETURN_TYPE = YES_ERROR;
				GCC_WARN_UNDECLARED_SELECTOR = YES;
				GCC_WARN_UNINITIALIZED_AUTOS = YES_AGGRESSIVE;
				GCC_WARN_UNUSED_FUNCTION = YES;
				GCC_WARN_UNUSED_VARIABLE = YES;
				IPHONEOS_DEPLOYMENT_TARGET = 16.2;
				MTL_ENABLE_DEBUG_INFO = NO;
				MTL_FAST_MATH = YES;
				SDKROOT = iphoneos;
				SWIFT_COMPILATION_MODE = wholemodule;
				SWIFT_OPTIMIZATION_LEVEL = "-O";
				VALIDATE_PRODUCT = YES;
			};
			name = Release;
		};
		0A787C3E298E5E9C000788C6 /* Debug */ = {
			isa = XCBuildConfiguration;
			buildSettings = {
				ASSETCATALOG_COMPILER_APPICON_NAME = AppIcon;
				ASSETCATALOG_COMPILER_GLOBAL_ACCENT_COLOR_NAME = AccentColor;
				CODE_SIGN_STYLE = Automatic;
				CURRENT_PROJECT_VERSION = 1;
				DEVELOPMENT_TEAM = 3V8797S66Q;
				GENERATE_INFOPLIST_FILE = YES;
				INFOPLIST_FILE = "netflix-thumbnail-get/Info.plist";
				INFOPLIST_KEY_UIApplicationSupportsIndirectInputEvents = YES;
				INFOPLIST_KEY_UILaunchStoryboardName = LaunchScreen;
				INFOPLIST_KEY_UIMainStoryboardFile = Main;
				INFOPLIST_KEY_UISupportedInterfaceOrientations_iPad = "UIInterfaceOrientationPortrait UIInterfaceOrientationPortraitUpsideDown UIInterfaceOrientationLandscapeLeft UIInterfaceOrientationLandscapeRight";
				INFOPLIST_KEY_UISupportedInterfaceOrientations_iPhone = "UIInterfaceOrientationPortrait UIInterfaceOrientationLandscapeLeft UIInterfaceOrientationLandscapeRight";
				LD_RUNPATH_SEARCH_PATHS = (
					"$(inherited)",
					"@executable_path/Frameworks",
				);
				MARKETING_VERSION = 1.0;
				PRODUCT_BUNDLE_IDENTIFIER = "com.sugijotaro.netflix-thumbnail-get";
				PRODUCT_NAME = "$(TARGET_NAME)";
				SWIFT_EMIT_LOC_STRINGS = YES;
				SWIFT_VERSION = 5.0;
				TARGETED_DEVICE_FAMILY = "1,2";
			};
			name = Debug;
		};
		0A787C3F298E5E9C000788C6 /* Release */ = {
			isa = XCBuildConfiguration;
			buildSettings = {
				ASSETCATALOG_COMPILER_APPICON_NAME = AppIcon;
				ASSETCATALOG_COMPILER_GLOBAL_ACCENT_COLOR_NAME = AccentColor;
				CODE_SIGN_STYLE = Automatic;
				CURRENT_PROJECT_VERSION = 1;
				DEVELOPMENT_TEAM = 3V8797S66Q;
				GENERATE_INFOPLIST_FILE = YES;
				INFOPLIST_FILE = "netflix-thumbnail-get/Info.plist";
				INFOPLIST_KEY_UIApplicationSupportsIndirectInputEvents = YES;
				INFOPLIST_KEY_UILaunchStoryboardName = LaunchScreen;
				INFOPLIST_KEY_UIMainStoryboardFile = Main;
				INFOPLIST_KEY_UISupportedInterfaceOrientations_iPad = "UIInterfaceOrientationPortrait UIInterfaceOrientationPortraitUpsideDown UIInterfaceOrientationLandscapeLeft UIInterfaceOrientationLandscapeRight";
				INFOPLIST_KEY_UISupportedInterfaceOrientations_iPhone = "UIInterfaceOrientationPortrait UIInterfaceOrientationLandscapeLeft UIInterfaceOrientationLandscapeRight";
				LD_RUNPATH_SEARCH_PATHS = (
					"$(inherited)",
					"@executable_path/Frameworks",
				);
				MARKETING_VERSION = 1.0;
				PRODUCT_BUNDLE_IDENTIFIER = "com.sugijotaro.netflix-thumbnail-get";
				PRODUCT_NAME = "$(TARGET_NAME)";
				SWIFT_EMIT_LOC_STRINGS = YES;
				SWIFT_VERSION = 5.0;
				TARGETED_DEVICE_FAMILY = "1,2";
			};
			name = Release;
		};
/* End XCBuildConfiguration section */

/* Begin XCConfigurationList section */
		0A787C24298E5E9A000788C6 /* Build configuration list for PBXProject "netflix-thumbnail-get" */ = {
			isa = XCConfigurationList;
			buildConfigurations = (
				0A787C3B298E5E9C000788C6 /* Debug */,
				0A787C3C298E5E9C000788C6 /* Release */,
			);
			defaultConfigurationIsVisible = 0;
			defaultConfigurationName = Release;
		};
		0A787C3D298E5E9C000788C6 /* Build configuration list for PBXNativeTarget "netflix-thumbnail-get" */ = {
			isa = XCConfigurationList;
			buildConfigurations = (
				0A787C3E298E5E9C000788C6 /* Debug */,
				0A787C3F298E5E9C000788C6 /* Release */,
			);
			defaultConfigurationIsVisible = 0;
			defaultConfigurationName = Release;
		};
/* End XCConfigurationList section */

/* Begin XCRemoteSwiftPackageReference section */
		0A787C40298E5EF4000788C6 /* XCRemoteSwiftPackageReference "Alamofire" */ = {
			isa = XCRemoteSwiftPackageReference;
			repositoryURL = "https://github.com/Alamofire/Alamofire.git";
			requirement = {
				kind = upToNextMajorVersion;
				minimumVersion = 5.0.0;
			};
		};
		0A787C43298E5F06000788C6 /* XCRemoteSwiftPackageReference "SwiftyJSON" */ = {
			isa = XCRemoteSwiftPackageReference;
			repositoryURL = "https://github.com/SwiftyJSON/SwiftyJSON";
			requirement = {
				kind = upToNextMajorVersion;
				minimumVersion = 5.0.0;
			};
		};
		0A787C46298E5FAD000788C6 /* XCRemoteSwiftPackageReference "SwiftSoup" */ = {
			isa = XCRemoteSwiftPackageReference;
			repositoryURL = "https://github.com/scinfu/SwiftSoup";
			requirement = {
				kind = upToNextMajorVersion;
				minimumVersion = 2.0.0;
			};
		};
/* End XCRemoteSwiftPackageReference section */

/* Begin XCSwiftPackageProductDependency section */
		0A787C41298E5EF4000788C6 /* Alamofire */ = {
			isa = XCSwiftPackageProductDependency;
			package = 0A787C40298E5EF4000788C6 /* XCRemoteSwiftPackageReference "Alamofire" */;
			productName = Alamofire;
		};
		0A787C44298E5F06000788C6 /* SwiftyJSON */ = {
			isa = XCSwiftPackageProductDependency;
			package = 0A787C43298E5F06000788C6 /* XCRemoteSwiftPackageReference "SwiftyJSON" */;
			productName = SwiftyJSON;
		};
		0A787C47298E5FAD000788C6 /* SwiftSoup */ = {
			isa = XCSwiftPackageProductDependency;
			package = 0A787C46298E5FAD000788C6 /* XCRemoteSwiftPackageReference "SwiftSoup" */;
			productName = SwiftSoup;
		};
/* End XCSwiftPackageProductDependency section */
	};
	rootObject = 0A787C21298E5E9A000788C6 /* Project object */;
}
